
Microsoft Visual Studio Solution File, Format Version 12.00
# Visual Studio Version 17
VisualStudioVersion = 17.14.36414.22 d17.14
MinimumVisualStudioVersion = 10.0.40219.1
Project("{FAE04EC0-301F-11D3-BF4B-00C04F79EFBC}") = "Butler.ConsoleApp", "Butler.ConsoleApp\Butler.ConsoleApp.csproj", "{4A53862B-2132-4C20-926E-FDAC4FCFE18D}"
EndProject
Project("{FAE04EC0-301F-11D3-BF4B-00C04F79EFBC}") = "Butler.Core", "Butler.Core\Butler.Core.csproj", "{7DB827B2-CEE7-490C-B8FF-DAC9AE3BB929}"
EndProject
Global
	GlobalSection(SolutionConfigurationPlatforms) = preSolution
		Debug|Any CPU = Debug|Any CPU
		Release|Any CPU = Release|Any CPU
	EndGlobalSection
	GlobalSection(ProjectConfigurationPlatforms) = postSolution
		{4A53862B-2132-4C20-926E-FDAC4FCFE18D}.Debug|Any CPU.ActiveCfg = Debug|Any CPU
		{4A53862B-2132-4C20-926E-FDAC4FCFE18D}.Debug|Any CPU.Build.0 = Debug|Any CPU
		{4A53862B-2132-4C20-926E-FDAC4FCFE18D}.Release|Any CPU.ActiveCfg = Release|Any CPU
		{4A53862B-2132-4C20-926E-FDAC4FCFE18D}.Release|Any CPU.Build.0 = Release|Any CPU
		{7DB827B2-CEE7-490C-B8FF-DAC9AE3BB929}.Debug|Any CPU.ActiveCfg = Debug|Any CPU
		{7DB827B2-CEE7-490C-B8FF-DAC9AE3BB929}.Debug|Any CPU.Build.0 = Debug|Any CPU
		{7DB827B2-CEE7-490C-B8FF-DAC9AE3BB929}.Release|Any CPU.ActiveCfg = Release|Any CPU
		{7DB827B2-CEE7-490C-B8FF-DAC9AE3BB929}.Release|Any CPU.Build.0 = Release|Any CPU
	EndGlobalSection
	GlobalSection(SolutionProperties) = preSolution
		HideSolutionNode = FALSE
	EndGlobalSection
	GlobalSection(ExtensibilityGlobals) = postSolution
		SolutionGuid = {28B19C4F-5E32-424B-BF35-26C8FBFB03C3}
	EndGlobalSection
EndGlobal
